
Microsoft Visual Studio Solution File, Format Version 12.00
# Visual Studio 14
VisualStudioVersion = 14.0.25123.0
MinimumVisualStudioVersion = 10.0.40219.1
Project("{059D6162-CD51-11D0-AE1F-00A0C90FFFC3}") = "TractorClient", "TractorClient.vcxproj", "{9CC60518-412B-432F-BC2E-1B6D8F30A875}"
EndProject
Global
	GlobalSection(SolutionProperties) = preSolution
		HideSolutionNode = FALSE
	EndGlobalSection
EndGlobal
